
Microsoft Visual Studio Solution File, Format Version 12.00
# Visual Studio Version 16
VisualStudioVersion = 16.0.31112.23
MinimumVisualStudioVersion = 10.0.40219.1
Project("{FAE04EC0-301F-11D3-BF4B-00C04F79EFBC}") = "ClientBus", "ClientBus\ClientBus.csproj", "{603DABFD-C2AE-45E8-8402-A6C237B9A985}"
EndProject
Global
	GlobalSection(SolutionConfigurationPlatforms) = preSolution
		Debug|Any CPU = Debug|Any CPU
		Release|Any CPU = Release|Any CPU
	EndGlobalSection
	GlobalSection(ProjectConfigurationPlatforms) = postSolution
		{603DABFD-C2AE-45E8-8402-A6C237B9A985}.Debug|Any CPU.ActiveCfg = Debug|Any CPU
		{603DABFD-C2AE-45E8-8402-A6C237B9A985}.Debug|Any CPU.Build.0 = Debug|Any CPU
		{603DABFD-C2AE-45E8-8402-A6C237B9A985}.Release|Any CPU.ActiveCfg = Release|Any CPU
		{603DABFD-C2AE-45E8-8402-A6C237B9A985}.Release|Any CPU.Build.0 = Release|Any CPU
	EndGlobalSection
	GlobalSection(SolutionProperties) = preSolution
		HideSolutionNode = FALSE
	EndGlobalSection
	GlobalSection(ExtensibilityGlobals) = postSolution
		SolutionGuid = {DEB34BF7-5FA1-4B87-A646-5B180E26567B}
	EndGlobalSection
EndGlobal
